// !$*UTF8*$!
{
	archiveVersion = 1;
	classes = {
	};
	objectVersion = 48;
	objects = {

/* Begin PBXBuildFile section */
		401D927CC74C9CBC8A5C0B0A /* Pods_htchhkr_development.framework in Frameworks */ = {isa = PBXBuildFile; fileRef = 57F3CA5519F0CF1D6FAA5275 /* Pods_htchhkr_development.framework */; };
		4E6071681F74819A00F1B948 /* AppDelegate.swift in Sources */ = {isa = PBXBuildFile; fileRef = 4E6071671F74819A00F1B948 /* AppDelegate.swift */; };
		4E60716A1F74819A00F1B948 /* ViewController.swift in Sources */ = {isa = PBXBuildFile; fileRef = 4E6071691F74819A00F1B948 /* ViewController.swift */; };
		4E60716D1F74819A00F1B948 /* Main.storyboard in Resources */ = {isa = PBXBuildFile; fileRef = 4E60716B1F74819A00F1B948 /* Main.storyboard */; };
		4E60716F1F74819A00F1B948 /* Assets.xcassets in Resources */ = {isa = PBXBuildFile; fileRef = 4E60716E1F74819A00F1B948 /* Assets.xcassets */; };
		4E6071721F74819A00F1B948 /* LaunchScreen.storyboard in Resources */ = {isa = PBXBuildFile; fileRef = 4E6071701F74819A00F1B948 /* LaunchScreen.storyboard */; };
/* End PBXBuildFile section */

/* Begin PBXFileReference section */
		160B5B7027AD4F94564501F8 /* Pods-htchhkr-development.release.xcconfig */ = {isa = PBXFileReference; includeInIndex = 1; lastKnownFileType = text.xcconfig; name = "Pods-htchhkr-development.release.xcconfig"; path = "Pods/Target Support Files/Pods-htchhkr-development/Pods-htchhkr-development.release.xcconfig"; sourceTree = "<group>"; };
		4E6071641F74819A00F1B948 /* htchhkr-development.app */ = {isa = PBXFileReference; explicitFileType = wrapper.application; includeInIndex = 0; path = "htchhkr-development.app"; sourceTree = BUILT_PRODUCTS_DIR; };
		4E6071671F74819A00F1B948 /* AppDelegate.swift */ = {isa = PBXFileReference; lastKnownFileType = sourcecode.swift; path = AppDelegate.swift; sourceTree = "<group>"; };
		4E6071691F74819A00F1B948 /* ViewController.swift */ = {isa = PBXFileReference; lastKnownFileType = sourcecode.swift; path = ViewController.swift; sourceTree = "<group>"; };
		4E60716C1F74819A00F1B948 /* Base */ = {isa = PBXFileReference; lastKnownFileType = file.storyboard; name = Base; path = Base.lproj/Main.storyboard; sourceTree = "<group>"; };
		4E60716E1F74819A00F1B948 /* Assets.xcassets */ = {isa = PBXFileReference; lastKnownFileType = folder.assetcatalog; path = Assets.xcassets; sourceTree = "<group>"; };
		4E6071711F74819A00F1B948 /* Base */ = {isa = PBXFileReference; lastKnownFileType = file.storyboard; name = Base; path = Base.lproj/LaunchScreen.storyboard; sourceTree = "<group>"; };
		4E6071731F74819A00F1B948 /* Info.plist */ = {isa = PBXFileReference; lastKnownFileType = text.plist.xml; path = Info.plist; sourceTree = "<group>"; };
		57F3CA5519F0CF1D6FAA5275 /* Pods_htchhkr_development.framework */ = {isa = PBXFileReference; explicitFileType = wrapper.framework; includeInIndex = 0; path = Pods_htchhkr_development.framework; sourceTree = BUILT_PRODUCTS_DIR; };
		72354531DF8A0CE641FAF63A /* Pods-htchhkr-development.debug.xcconfig */ = {isa = PBXFileReference; includeInIndex = 1; lastKnownFileType = text.xcconfig; name = "Pods-htchhkr-development.debug.xcconfig"; path = "Pods/Target Support Files/Pods-htchhkr-development/Pods-htchhkr-development.debug.xcconfig"; sourceTree = "<group>"; };
/* End PBXFileReference section */

/* Begin PBXFrameworksBuildPhase section */
		4E6071611F74819A00F1B948 /* Frameworks */ = {
			isa = PBXFrameworksBuildPhase;
			buildActionMask = 2147483647;
			files = (
				401D927CC74C9CBC8A5C0B0A /* Pods_htchhkr_development.framework in Frameworks */,
			);
			runOnlyForDeploymentPostprocessing = 0;
		};
/* End PBXFrameworksBuildPhase section */

/* Begin PBXGroup section */
		075D1D5216699C37ED53A167 /* Frameworks */ = {
			isa = PBXGroup;
			children = (
				57F3CA5519F0CF1D6FAA5275 /* Pods_htchhkr_development.framework */,
			);
			name = Frameworks;
			sourceTree = "<group>";
		};
		4E60715B1F74819A00F1B948 = {
			isa = PBXGroup;
			children = (
				4E6071661F74819A00F1B948 /* htchhkr-development */,
				4E6071651F74819A00F1B948 /* Products */,
				A68A7508B0D7E160AEA92CAB /* Pods */,
				075D1D5216699C37ED53A167 /* Frameworks */,
			);
			sourceTree = "<group>";
		};
		4E6071651F74819A00F1B948 /* Products */ = {
			isa = PBXGroup;
			children = (
				4E6071641F74819A00F1B948 /* htchhkr-development.app */,
			);
			name = Products;
			sourceTree = "<group>";
		};
		4E6071661F74819A00F1B948 /* htchhkr-development */ = {
			isa = PBXGroup;
			children = (
				4E6071671F74819A00F1B948 /* AppDelegate.swift */,
				4E6071691F74819A00F1B948 /* ViewController.swift */,
				4E60716B1F74819A00F1B948 /* Main.storyboard */,
				4E60716E1F74819A00F1B948 /* Assets.xcassets */,
				4E6071701F74819A00F1B948 /* LaunchScreen.storyboard */,
				4E6071731F74819A00F1B948 /* Info.plist */,
			);
			path = "htchhkr-development";
			sourceTree = "<group>";
		};
		A68A7508B0D7E160AEA92CAB /* Pods */ = {
			isa = PBXGroup;
			children = (
				72354531DF8A0CE641FAF63A /* Pods-htchhkr-development.debug.xcconfig */,
				160B5B7027AD4F94564501F8 /* Pods-htchhkr-development.release.xcconfig */,
			);
			name = Pods;
			sourceTree = "<group>";
		};
/* End PBXGroup section */

/* Begin PBXNativeTarget section */
		4E6071631F74819A00F1B948 /* htchhkr-development */ = {
			isa = PBXNativeTarget;
			buildConfigurationList = 4E6071761F74819A00F1B948 /* Build configuration list for PBXNativeTarget "htchhkr-development" */;
			buildPhases = (
				024A7C5BB16472D77A051545 /* [CP] Check Pods Manifest.lock */,
				4E6071601F74819A00F1B948 /* Sources */,
				4E6071611F74819A00F1B948 /* Frameworks */,
				4E6071621F74819A00F1B948 /* Resources */,
				6FD1C55CBC0E6EC11104E9A3 /* [CP] Embed Pods Frameworks */,
				7A024448A7983A413CF4DCAF /* [CP] Copy Pods Resources */,
			);
			buildRules = (
			);
			dependencies = (
			);
			name = "htchhkr-development";
			productName = "htchhkr-development";
			productReference = 4E6071641F74819A00F1B948 /* htchhkr-development.app */;
			productType = "com.apple.product-type.application";
		};
/* End PBXNativeTarget section */

/* Begin PBXProject section */
		4E60715C1F74819A00F1B948 /* Project object */ = {
			isa = PBXProject;
			attributes = {
				LastSwiftUpdateCheck = 0900;
				LastUpgradeCheck = 0900;
				ORGANIZATIONNAME = "Carleton Snow";
				TargetAttributes = {
					4E6071631F74819A00F1B948 = {
						CreatedOnToolsVersion = 9.0;
						ProvisioningStyle = Automatic;
					};
				};
			};
			buildConfigurationList = 4E60715F1F74819A00F1B948 /* Build configuration list for PBXProject "htchhkr-development" */;
			compatibilityVersion = "Xcode 8.0";
			developmentRegion = en;
			hasScannedForEncodings = 0;
			knownRegions = (
				en,
				Base,
			);
			mainGroup = 4E60715B1F74819A00F1B948;
			productRefGroup = 4E6071651F74819A00F1B948 /* Products */;
			projectDirPath = "";
			projectRoot = "";
			targets = (
				4E6071631F74819A00F1B948 /* htchhkr-development */,
			);
		};
/* End PBXProject section */

/* Begin PBXResourcesBuildPhase section */
		4E6071621F74819A00F1B948 /* Resources */ = {
			isa = PBXResourcesBuildPhase;
			buildActionMask = 2147483647;
			files = (
				4E6071721F74819A00F1B948 /* LaunchScreen.storyboard in Resources */,
				4E60716F1F74819A00F1B948 /* Assets.xcassets in Resources */,
				4E60716D1F74819A00F1B948 /* Main.storyboard in Resources */,
			);
			runOnlyForDeploymentPostprocessing = 0;
		};
/* End PBXResourcesBuildPhase section */

/* Begin PBXShellScriptBuildPhase section */
		024A7C5BB16472D77A051545 /* [CP] Check Pods Manifest.lock */ = {
			isa = PBXShellScriptBuildPhase;
			buildActionMask = 2147483647;
			files = (
			);
			inputPaths = (
			);
			name = "[CP] Check Pods Manifest.lock";
			outputPaths = (
			);
			runOnlyForDeploymentPostprocessing = 0;
			shellPath = /bin/sh;
			shellScript = "diff \"${PODS_ROOT}/../Podfile.lock\" \"${PODS_ROOT}/Manifest.lock\" > /dev/null\nif [ $? != 0 ] ; then\n    # print error to STDERR\n    echo \"error: The sandbox is not in sync with the Podfile.lock. Run 'pod install' or update your CocoaPods installation.\" >&2\n    exit 1\nfi\n";
			showEnvVarsInLog = 0;
		};
		6FD1C55CBC0E6EC11104E9A3 /* [CP] Embed Pods Frameworks */ = {
			isa = PBXShellScriptBuildPhase;
			buildActionMask = 2147483647;
			files = (
			);
			inputPaths = (
			);
			name = "[CP] Embed Pods Frameworks";
			outputPaths = (
			);
			runOnlyForDeploymentPostprocessing = 0;
			shellPath = /bin/sh;
			shellScript = "\"${SRCROOT}/Pods/Target Support Files/Pods-htchhkr-development/Pods-htchhkr-development-frameworks.sh\"\n";
			showEnvVarsInLog = 0;
		};
		7A024448A7983A413CF4DCAF /* [CP] Copy Pods Resources */ = {
			isa = PBXShellScriptBuildPhase;
			buildActionMask = 2147483647;
			files = (
			);
			inputPaths = (
			);
			name = "[CP] Copy Pods Resources";
			outputPaths = (
			);
			runOnlyForDeploymentPostprocessing = 0;
			shellPath = /bin/sh;
			shellScript = "\"${SRCROOT}/Pods/Target Support Files/Pods-htchhkr-development/Pods-htchhkr-development-resources.sh\"\n";
			showEnvVarsInLog = 0;
		};
/* End PBXShellScriptBuildPhase section */

/* Begin PBXSourcesBuildPhase section */
		4E6071601F74819A00F1B948 /* Sources */ = {
			isa = PBXSourcesBuildPhase;
			buildActionMask = 2147483647;
			files = (
				4E60716A1F74819A00F1B948 /* ViewController.swift in Sources */,
				4E6071681F74819A00F1B948 /* AppDelegate.swift in Sources */,
			);
			runOnlyForDeploymentPostprocessing = 0;
		};
/* End PBXSourcesBuildPhase section */

/* Begin PBXVariantGroup section */
		4E60716B1F74819A00F1B948 /* Main.storyboard */ = {
			isa = PBXVariantGroup;
			children = (
				4E60716C1F74819A00F1B948 /* Base */,
			);
			name = Main.storyboard;
			sourceTree = "<group>";
		};
		4E6071701F74819A00F1B948 /* LaunchScreen.storyboard */ = {
			isa = PBXVariantGroup;
			children = (
				4E6071711F74819A00F1B948 /* Base */,
			);
			name = LaunchScreen.storyboard;
			sourceTree = "<group>";
		};
/* End PBXVariantGroup section */

/* Begin XCBuildConfiguration section */
		4E6071741F74819A00F1B948 /* Debug */ = {
			isa = XCBuildConfiguration;
			buildSettings = {
				ALWAYS_SEARCH_USER_PATHS = NO;
				CLANG_ANALYZER_NONNULL = YES;
				CLANG_ANALYZER_NUMBER_OBJECT_CONVERSION = YES_AGGRESSIVE;
				CLANG_CXX_LANGUAGE_STANDARD = "gnu++14";
				CLANG_CXX_LIBRARY = "libc++";
				CLANG_ENABLE_MODULES = YES;
				CLANG_ENABLE_OBJC_ARC = YES;
				CLANG_WARN_BLOCK_CAPTURE_AUTORELEASING = YES;
				CLANG_WARN_BOOL_CONVERSION = YES;
				CLANG_WARN_COMMA = YES;
				CLANG_WARN_CONSTANT_CONVERSION = YES;
				CLANG_WARN_DIRECT_OBJC_ISA_USAGE = YES_ERROR;
				CLANG_WARN_DOCUMENTATION_COMMENTS = YES;
				CLANG_WARN_EMPTY_BODY = YES;
				CLANG_WARN_ENUM_CONVERSION = YES;
				CLANG_WARN_INFINITE_RECURSION = YES;
				CLANG_WARN_INT_CONVERSION = YES;
				CLANG_WARN_NON_LITERAL_NULL_CONVERSION = YES;
				CLANG_WARN_OBJC_LITERAL_CONVERSION = YES;
				CLANG_WARN_OBJC_ROOT_CLASS = YES_ERROR;
				CLANG_WARN_RANGE_LOOP_ANALYSIS = YES;
				CLANG_WARN_STRICT_PROTOTYPES = YES;
				CLANG_WARN_SUSPICIOUS_MOVE = YES;
				CLANG_WARN_UNGUARDED_AVAILABILITY = YES_AGGRESSIVE;
				CLANG_WARN_UNREACHABLE_CODE = YES;
				CLANG_WARN__DUPLICATE_METHOD_MATCH = YES;
				CODE_SIGN_IDENTITY = "iPhone Developer";
				COPY_PHASE_STRIP = NO;
				DEBUG_INFORMATION_FORMAT = dwarf;
				ENABLE_STRICT_OBJC_MSGSEND = YES;
				ENABLE_TESTABILITY = YES;
				GCC_C_LANGUAGE_STANDARD = gnu11;
				GCC_DYNAMIC_NO_PIC = NO;
				GCC_NO_COMMON_BLOCKS = YES;
				GCC_OPTIMIZATION_LEVEL = 0;
				GCC_PREPROCESSOR_DEFINITIONS = (
					"DEBUG=1",
					"$(inherited)",
				);
				GCC_WARN_64_TO_32_BIT_CONVERSION = YES;
				GCC_WARN_ABOUT_RETURN_TYPE = YES_ERROR;
				GCC_WARN_UNDECLARED_SELECTOR = YES;
				GCC_WARN_UNINITIALIZED_AUTOS = YES_AGGRESSIVE;
				GCC_WARN_UNUSED_FUNCTION = YES;
				GCC_WARN_UNUSED_VARIABLE = YES;
				IPHONEOS_DEPLOYMENT_TARGET = 11.0;
				MTL_ENABLE_DEBUG_INFO = YES;
				ONLY_ACTIVE_ARCH = YES;
				SDKROOT = iphoneos;
				SWIFT_ACTIVE_COMPILATION_CONDITIONS = DEBUG;
				SWIFT_OPTIMIZATION_LEVEL = "-Onone";
			};
			name = Debug;
		};
		4E6071751F74819A00F1B948 /* Release */ = {
			isa = XCBuildConfiguration;
			buildSettings = {
				ALWAYS_SEARCH_USER_PATHS = NO;
				CLANG_ANALYZER_NONNULL = YES;
				CLANG_ANALYZER_NUMBER_OBJECT_CONVERSION = YES_AGGRESSIVE;
				CLANG_CXX_LANGUAGE_STANDARD = "gnu++14";
				CLANG_CXX_LIBRARY = "libc++";
				CLANG_ENABLE_MODULES = YES;
				CLANG_ENABLE_OBJC_ARC = YES;
				CLANG_WARN_BLOCK_CAPTURE_AUTORELEASING = YES;
				CLANG_WARN_BOOL_CONVERSION = YES;
				CLANG_WARN_COMMA = YES;
				CLANG_WARN_CONSTANT_CONVERSION = YES;
				CLANG_WARN_DIRECT_OBJC_ISA_USAGE = YES_ERROR;
				CLANG_WARN_DOCUMENTATION_COMMENTS = YES;
				CLANG_WARN_EMPTY_BODY = YES;
				CLANG_WARN_ENUM_CONVERSION = YES;
				CLANG_WARN_INFINITE_RECURSION = YES;
				CLANG_WARN_INT_CONVERSION = YES;
				CLANG_WARN_NON_LITERAL_NULL_CONVERSION = YES;
				CLANG_WARN_OBJC_LITERAL_CONVERSION = YES;
				CLANG_WARN_OBJC_ROOT_CLASS = YES_ERROR;
				CLANG_WARN_RANGE_LOOP_ANALYSIS = YES;
				CLANG_WARN_STRICT_PROTOTYPES = YES;
				CLANG_WARN_SUSPICIOUS_MOVE = YES;
				CLANG_WARN_UNGUARDED_AVAILABILITY = YES_AGGRESSIVE;
				CLANG_WARN_UNREACHABLE_CODE = YES;
				CLANG_WARN__DUPLICATE_METHOD_MATCH = YES;
				CODE_SIGN_IDENTITY = "iPhone Developer";
				COPY_PHASE_STRIP = NO;
				DEBUG_INFORMATION_FORMAT = "dwarf-with-dsym";
				ENABLE_NS_ASSERTIONS = NO;
				ENABLE_STRICT_OBJC_MSGSEND = YES;
				GCC_C_LANGUAGE_STANDARD = gnu11;
				GCC_NO_COMMON_BLOCKS = YES;
				GCC_WARN_64_TO_32_BIT_CONVERSION = YES;
				GCC_WARN_ABOUT_RETURN_TYPE = YES_ERROR;
				GCC_WARN_UNDECLARED_SELECTOR = YES;
				GCC_WARN_UNINITIALIZED_AUTOS = YES_AGGRESSIVE;
				GCC_WARN_UNUSED_FUNCTION = YES;
				GCC_WARN_UNUSED_VARIABLE = YES;
				IPHONEOS_DEPLOYMENT_TARGET = 11.0;
				MTL_ENABLE_DEBUG_INFO = NO;
				SDKROOT = iphoneos;
				SWIFT_OPTIMIZATION_LEVEL = "-Owholemodule";
				VALIDATE_PRODUCT = YES;
			};
			name = Release;
		};
		4E6071771F74819A00F1B948 /* Debug */ = {
			isa = XCBuildConfiguration;
			baseConfigurationReference = 72354531DF8A0CE641FAF63A /* Pods-htchhkr-development.debug.xcconfig */;
			buildSettings = {
				ASSETCATALOG_COMPILER_APPICON_NAME = AppIcon;
				CODE_SIGN_STYLE = Automatic;
				DEVELOPMENT_TEAM = T9DN4ZMC5E;
				INFOPLIST_FILE = "htchhkr-development/Info.plist";
				LD_RUNPATH_SEARCH_PATHS = "$(inherited) @executable_path/Frameworks";
				PRODUCT_BUNDLE_IDENTIFIER = "com.snowappdevelopment.htchhkr-development";
				PRODUCT_NAME = "$(TARGET_NAME)";
				SWIFT_VERSION = 4.0;
				TARGETED_DEVICE_FAMILY = "1,2";
			};
			name = Debug;
		};
		4E6071781F74819A00F1B948 /* Release */ = {
			isa = XCBuildConfiguration;
			baseConfigurationReference = 160B5B7027AD4F94564501F8 /* Pods-htchhkr-development.release.xcconfig */;
			buildSettings = {
				ASSETCATALOG_COMPILER_APPICON_NAME = AppIcon;
				CODE_SIGN_STYLE = Automatic;
				DEVELOPMENT_TEAM = T9DN4ZMC5E;
				INFOPLIST_FILE = "htchhkr-development/Info.plist";
				LD_RUNPATH_SEARCH_PATHS = "$(inherited) @executable_path/Frameworks";
				PRODUCT_BUNDLE_IDENTIFIER = "com.snowappdevelopment.htchhkr-development";
				PRODUCT_NAME = "$(TARGET_NAME)";
				SWIFT_VERSION = 4.0;
				TARGETED_DEVICE_FAMILY = "1,2";
			};
			name = Release;
		};
/* End XCBuildConfiguration section */

/* Begin XCConfigurationList section */
		4E60715F1F74819A00F1B948 /* Build configuration list for PBXProject "htchhkr-development" */ = {
			isa = XCConfigurationList;
			buildConfigurations = (
				4E6071741F74819A00F1B948 /* Debug */,
				4E6071751F74819A00F1B948 /* Release */,
			);
			defaultConfigurationIsVisible = 0;
			defaultConfigurationName = Release;
		};
		4E6071761F74819A00F1B948 /* Build configuration list for PBXNativeTarget "htchhkr-development" */ = {
			isa = XCConfigurationList;
			buildConfigurations = (
				4E6071771F74819A00F1B948 /* Debug */,
				4E6071781F74819A00F1B948 /* Release */,
			);
			defaultConfigurationIsVisible = 0;
			defaultConfigurationName = Release;
		};
/* End XCConfigurationList section */
	};
	rootObject = 4E60715C1F74819A00F1B948 /* Project object */;
}
